
Microsoft Visual Studio Solution File, Format Version 12.00
# Visual Studio Version 17
VisualStudioVersion = 17.12.35527.113 d17.12
MinimumVisualStudioVersion = 10.0.40219.1
Project("{FAE04EC0-301F-11D3-BF4B-00C04F79EFBC}") = "Creational", "Creational\Creational.csproj", "{43CD9BF6-C778-4431-84AD-73863E053CF7}"
EndProject
Project("{FAE04EC0-301F-11D3-BF4B-00C04F79EFBC}") = "TryCodeApp", "TryCodeApp\TryCodeApp.csproj", "{72092B28-67C0-41B0-9791-96FC09F5E0A3}"
EndProject
Global
	GlobalSection(SolutionConfigurationPlatforms) = preSolution
		Debug|Any CPU = Debug|Any CPU
		Release|Any CPU = Release|Any CPU
	EndGlobalSection
	GlobalSection(ProjectConfigurationPlatforms) = postSolution
		{43CD9BF6-C778-4431-84AD-73863E053CF7}.Debug|Any CPU.ActiveCfg = Debug|Any CPU
		{43CD9BF6-C778-4431-84AD-73863E053CF7}.Debug|Any CPU.Build.0 = Debug|Any CPU
		{43CD9BF6-C778-4431-84AD-73863E053CF7}.Release|Any CPU.ActiveCfg = Release|Any CPU
		{43CD9BF6-C778-4431-84AD-73863E053CF7}.Release|Any CPU.Build.0 = Release|Any CPU
		{72092B28-67C0-41B0-9791-96FC09F5E0A3}.Debug|Any CPU.ActiveCfg = Debug|Any CPU
		{72092B28-67C0-41B0-9791-96FC09F5E0A3}.Debug|Any CPU.Build.0 = Debug|Any CPU
		{72092B28-67C0-41B0-9791-96FC09F5E0A3}.Release|Any CPU.ActiveCfg = Release|Any CPU
		{72092B28-67C0-41B0-9791-96FC09F5E0A3}.Release|Any CPU.Build.0 = Release|Any CPU
	EndGlobalSection
	GlobalSection(SolutionProperties) = preSolution
		HideSolutionNode = FALSE
	EndGlobalSection
EndGlobal
